<?xml version="1.0" encoding="UTF-8" standalone="yes" ?>
<CodeBlocks_project_file>
	<FileVersion major="1" minor="6" />
	<Project>
		<Option title="ecu_debug" />
		<Option pch_mode="2" />
		<Option compiler="gcc" />
		<Build>
			<Target title="Debug">
				<Option output="bin/Debug/ecu_debug" prefix_auto="1" extension_auto="1" />
				<Option object_output="obj/Debug/" />
				<Option type="1" />
				<Option compiler="gcc" />
				<Compiler>
					<Add option="-g" />
					<Add directory="include" />
					<Add directory="TaskScheduler-master/src" />
					<Add directory="../../ECU" />
				</Compiler>
			</Target>
			<Target title="Release">
				<Option output="bin/Release/ecu_debug" prefix_auto="1" extension_auto="1" />
				<Option object_output="obj/Release/" />
				<Option type="1" />
				<Option compiler="gcc" />
				<Compiler>
					<Add option="-O2" />
					<Add directory="include" />
				</Compiler>
				<Linker>
					<Add option="-s" />
				</Linker>
			</Target>
		</Build>
		<Compiler>
			<Add option="-Wall" />
			<Add option="-fexceptions" />
		</Compiler>
		<Unit filename="../ECU.ino" />
		<Unit filename="../ECU_Config.h" />
		<Unit filename="../LCD.cpp" />
		<Unit filename="../LCD.h" />
		<Unit filename="../Trigger_Input.cpp" />
		<Unit filename="../Trigger_Input.h" />
		<Unit filename="../TunerStudio.cpp" />
		<Unit filename="../TunerStudio.h" />
		<Unit filename="../advance_map.cpp" />
		<Unit filename="../advance_map.h" />
		<Unit filename="../interpolation.cpp" />
		<Unit filename="include/Console.h" />
		<Unit filename="main.cpp" />
		<Unit filename="src/Console.cpp" />
		<Extensions>
			<code_completion />
			<envvars />
			<debugger />
			<lib_finder disable_auto="1" />
		</Extensions>
	</Project>
</CodeBlocks_project_file>
